
Microsoft Visual Studio Solution File, Format Version 10.00
# Visual Studio 2008
Project("{8BC9CEB8-8B4A-11D0-8D11-00A0C91BC942}") = "MineSweeping", "MineSweeping\MineSweeping.vcproj", "{898E12CD-281A-4B36-809E-8B51FA20D927}"
EndProject
Global
	GlobalSection(SolutionConfigurationPlatforms) = preSolution
		Debug|Win32 = Debug|Win32
		Release|Win32 = Release|Win32
	EndGlobalSection
	GlobalSection(ProjectConfigurationPlatforms) = postSolution
		{898E12CD-281A-4B36-809E-8B51FA20D927}.Debug|Win32.ActiveCfg = Debug|Win32
		{898E12CD-281A-4B36-809E-8B51FA20D927}.Debug|Win32.Build.0 = Debug|Win32
		{898E12CD-281A-4B36-809E-8B51FA20D927}.Release|Win32.ActiveCfg = Release|Win32
		{898E12CD-281A-4B36-809E-8B51FA20D927}.Release|Win32.Build.0 = Release|Win32
	EndGlobalSection
	GlobalSection(SolutionProperties) = preSolution
		HideSolutionNode = FALSE
	EndGlobalSection
EndGlobal
